// !$*UTF8*$!
{
	archiveVersion = 1;
	classes = {
	};
	objectVersion = 51;
	objects = {

/* Begin PBXBuildFile section */
		9B21035B4F5EF01DC5F0D1E8 /* Pods_SafariUITests.framework in Frameworks */ = {isa = PBXBuildFile; fileRef = 8ADB72567865FD708C0A0D96 /* Pods_SafariUITests.framework */; };
		ADEC2BEC631DBA25666425FD /* Pods_Safari.framework in Frameworks */ = {isa = PBXBuildFile; fileRef = 118EBEAF09E31FC912CCE38F /* Pods_Safari.framework */; };
		DB104E6E23F25CBB002A8F5B /* Alerts.swift in Sources */ = {isa = PBXBuildFile; fileRef = DB104E6D23F25CBB002A8F5B /* Alerts.swift */; };
		DB104E7323F3A726002A8F5B /* HistoryVC.swift in Sources */ = {isa = PBXBuildFile; fileRef = DB104E7223F3A726002A8F5B /* HistoryVC.swift */; };
		DB104E7623F3A79C002A8F5B /* HistoryData.swift in Sources */ = {isa = PBXBuildFile; fileRef = DB104E7523F3A79C002A8F5B /* HistoryData.swift */; };
		DB104E7823F3A7D4002A8F5B /* BookmarkData.swift in Sources */ = {isa = PBXBuildFile; fileRef = DB104E7723F3A7D4002A8F5B /* BookmarkData.swift */; };
		DB104E7A23F3A97F002A8F5B /* ReadingListData.swift in Sources */ = {isa = PBXBuildFile; fileRef = DB104E7923F3A97F002A8F5B /* ReadingListData.swift */; };
		DB104E7E23F3BB41002A8F5B /* ReadingListCell.swift in Sources */ = {isa = PBXBuildFile; fileRef = DB104E7C23F3BB41002A8F5B /* ReadingListCell.swift */; };
		DB104E7F23F3BB41002A8F5B /* ReadingListCell.xib in Resources */ = {isa = PBXBuildFile; fileRef = DB104E7D23F3BB41002A8F5B /* ReadingListCell.xib */; };
		DB104E8223F3BD68002A8F5B /* FolderCell.xib in Resources */ = {isa = PBXBuildFile; fileRef = DB104E8023F3BD68002A8F5B /* FolderCell.xib */; };
		DB104E8323F3BD68002A8F5B /* FolderCell.swift in Sources */ = {isa = PBXBuildFile; fileRef = DB104E8123F3BD68002A8F5B /* FolderCell.swift */; };
		DB104E8523F3BDD3002A8F5B /* ReadingListVC.swift in Sources */ = {isa = PBXBuildFile; fileRef = DB104E8423F3BDD3002A8F5B /* ReadingListVC.swift */; };
		DB104E8723F3BEF1002A8F5B /* NotificationGroup.swift in Sources */ = {isa = PBXBuildFile; fileRef = DB104E8623F3BEF1002A8F5B /* NotificationGroup.swift */; };
		DB104E8923F3BF35002A8F5B /* UserDefaultsManager.swift in Sources */ = {isa = PBXBuildFile; fileRef = DB104E8823F3BF35002A8F5B /* UserDefaultsManager.swift */; };
		DB104E8B23F3BFBD002A8F5B /* SegmentControlVC.swift in Sources */ = {isa = PBXBuildFile; fileRef = DB104E8A23F3BFBD002A8F5B /* SegmentControlVC.swift */; };
		DB104E8D23F50730002A8F5B /* BookmarkVC.swift in Sources */ = {isa = PBXBuildFile; fileRef = DB104E8C23F50730002A8F5B /* BookmarkVC.swift */; };
		DB3D8C1423F90D0D00AD72D7 /* bookmarks_11_19_19.html in Resources */ = {isa = PBXBuildFile; fileRef = DB3D8C1323F90D0C00AD72D7 /* bookmarks_11_19_19.html */; };
		DB3D8C1623F95C5700AD72D7 /* HistoryCell.swift in Sources */ = {isa = PBXBuildFile; fileRef = DB3D8C1523F95C5700AD72D7 /* HistoryCell.swift */; };
		DB3D8C1823F98FFE00AD72D7 /* EditBookmarkVC.swift in Sources */ = {isa = PBXBuildFile; fileRef = DB3D8C1723F98FFE00AD72D7 /* EditBookmarkVC.swift */; };
		DB41938B23DFFF4E002C9216 /* NavigationVC.swift in Sources */ = {isa = PBXBuildFile; fileRef = DB41938A23DFFF4E002C9216 /* NavigationVC.swift */; };
		DB6F408523E94FB40018D75F /* Extensions.swift in Sources */ = {isa = PBXBuildFile; fileRef = DB6F408423E94FB40018D75F /* Extensions.swift */; };
		DB6F408723E95A410018D75F /* Observables.swift in Sources */ = {isa = PBXBuildFile; fileRef = DB6F408623E95A410018D75F /* Observables.swift */; };
		DB6F408A23ED14870018D75F /* Menus.swift in Sources */ = {isa = PBXBuildFile; fileRef = DB6F408923ED14870018D75F /* Menus.swift */; };
		DB6F408C23ED45D60018D75F /* CustomBarButton.swift in Sources */ = {isa = PBXBuildFile; fileRef = DB6F408B23ED45D60018D75F /* CustomBarButton.swift */; };
		DBA4B96223D6CBF600122D39 /* AppDelegate.swift in Sources */ = {isa = PBXBuildFile; fileRef = DBA4B96123D6CBF600122D39 /* AppDelegate.swift */; };
		DBA4B96423D6CBF600122D39 /* SceneDelegate.swift in Sources */ = {isa = PBXBuildFile; fileRef = DBA4B96323D6CBF600122D39 /* SceneDelegate.swift */; };
		DBA4B96623D6CBF600122D39 /* ContainerVC.swift in Sources */ = {isa = PBXBuildFile; fileRef = DBA4B96523D6CBF600122D39 /* ContainerVC.swift */; };
		DBA4B96923D6CBF600122D39 /* Main.storyboard in Resources */ = {isa = PBXBuildFile; fileRef = DBA4B96723D6CBF600122D39 /* Main.storyboard */; };
		DBA4B96C23D6CBF600122D39 /* Safari.xcdatamodeld in Sources */ = {isa = PBXBuildFile; fileRef = DBA4B96A23D6CBF600122D39 /* Safari.xcdatamodeld */; };
		DBA4B96E23D6CBF900122D39 /* Assets.xcassets in Resources */ = {isa = PBXBuildFile; fileRef = DBA4B96D23D6CBF900122D39 /* Assets.xcassets */; };
		DBA4B97123D6CBF900122D39 /* LaunchScreen.storyboard in Resources */ = {isa = PBXBuildFile; fileRef = DBA4B96F23D6CBF900122D39 /* LaunchScreen.storyboard */; };
		DBA4B97C23D6CBFA00122D39 /* SafariTests.swift in Sources */ = {isa = PBXBuildFile; fileRef = DBA4B97B23D6CBFA00122D39 /* SafariTests.swift */; };
		DBA4B98723D6CBFA00122D39 /* SafariUITests.swift in Sources */ = {isa = PBXBuildFile; fileRef = DBA4B98623D6CBFA00122D39 /* SafariUITests.swift */; };
		DBA4B99623D6D29100122D39 /* MainWebVC.swift in Sources */ = {isa = PBXBuildFile; fileRef = DBA4B99423D6D29100122D39 /* MainWebVC.swift */; };
		DBA4B99723D6D29100122D39 /* MainWebVC.xib in Resources */ = {isa = PBXBuildFile; fileRef = DBA4B99523D6D29100122D39 /* MainWebVC.xib */; };
		DBE3C2CF23F992F9008986C0 /* EditFolderVC.swift in Sources */ = {isa = PBXBuildFile; fileRef = DBE3C2CE23F992F9008986C0 /* EditFolderVC.swift */; };
		F6D7BB6F5D818B6ECF7A8A41 /* Pods_SafariTests.framework in Frameworks */ = {isa = PBXBuildFile; fileRef = 126AC6A83B1F3FD52C8B880D /* Pods_SafariTests.framework */; };
/* End PBXBuildFile section */

/* Begin PBXContainerItemProxy section */
		DBA4B97823D6CBFA00122D39 /* PBXContainerItemProxy */ = {
			isa = PBXContainerItemProxy;
			containerPortal = DBA4B95623D6CBF600122D39 /* Project object */;
			proxyType = 1;
			remoteGlobalIDString = DBA4B95D23D6CBF600122D39;
			remoteInfo = Safari;
		};
		DBA4B98323D6CBFA00122D39 /* PBXContainerItemProxy */ = {
			isa = PBXContainerItemProxy;
			containerPortal = DBA4B95623D6CBF600122D39 /* Project object */;
			proxyType = 1;
			remoteGlobalIDString = DBA4B95D23D6CBF600122D39;
			remoteInfo = Safari;
		};
/* End PBXContainerItemProxy section */

/* Begin PBXFileReference section */
		118EBEAF09E31FC912CCE38F /* Pods_Safari.framework */ = {isa = PBXFileReference; explicitFileType = wrapper.framework; includeInIndex = 0; path = Pods_Safari.framework; sourceTree = BUILT_PRODUCTS_DIR; };
		126AC6A83B1F3FD52C8B880D /* Pods_SafariTests.framework */ = {isa = PBXFileReference; explicitFileType = wrapper.framework; includeInIndex = 0; path = Pods_SafariTests.framework; sourceTree = BUILT_PRODUCTS_DIR; };
		79D7A958E75DFF297D5A05FE /* Pods-SafariTests.release.xcconfig */ = {isa = PBXFileReference; includeInIndex = 1; lastKnownFileType = text.xcconfig; name = "Pods-SafariTests.release.xcconfig"; path = "Target Support Files/Pods-SafariTests/Pods-SafariTests.release.xcconfig"; sourceTree = "<group>"; };
		897259337FFDC5D33225322D /* Pods-SafariUITests.release.xcconfig */ = {isa = PBXFileReference; includeInIndex = 1; lastKnownFileType = text.xcconfig; name = "Pods-SafariUITests.release.xcconfig"; path = "Target Support Files/Pods-SafariUITests/Pods-SafariUITests.release.xcconfig"; sourceTree = "<group>"; };
		8ADB72567865FD708C0A0D96 /* Pods_SafariUITests.framework */ = {isa = PBXFileReference; explicitFileType = wrapper.framework; includeInIndex = 0; path = Pods_SafariUITests.framework; sourceTree = BUILT_PRODUCTS_DIR; };
		C32323A48087BD0590A444C4 /* Pods-SafariTests.debug.xcconfig */ = {isa = PBXFileReference; includeInIndex = 1; lastKnownFileType = text.xcconfig; name = "Pods-SafariTests.debug.xcconfig"; path = "Target Support Files/Pods-SafariTests/Pods-SafariTests.debug.xcconfig"; sourceTree = "<group>"; };
		CB681921592B8946273CB19A /* Pods-Safari.release.xcconfig */ = {isa = PBXFileReference; includeInIndex = 1; lastKnownFileType = text.xcconfig; name = "Pods-Safari.release.xcconfig"; path = "Target Support Files/Pods-Safari/Pods-Safari.release.xcconfig"; sourceTree = "<group>"; };
		DB104E6D23F25CBB002A8F5B /* Alerts.swift */ = {isa = PBXFileReference; lastKnownFileType = sourcecode.swift; path = Alerts.swift; sourceTree = "<group>"; };
		DB104E7223F3A726002A8F5B /* HistoryVC.swift */ = {isa = PBXFileReference; lastKnownFileType = sourcecode.swift; path = HistoryVC.swift; sourceTree = "<group>"; };
		DB104E7523F3A79C002A8F5B /* HistoryData.swift */ = {isa = PBXFileReference; lastKnownFileType = sourcecode.swift; path = HistoryData.swift; sourceTree = "<group>"; };
		DB104E7723F3A7D4002A8F5B /* BookmarkData.swift */ = {isa = PBXFileReference; lastKnownFileType = sourcecode.swift; path = BookmarkData.swift; sourceTree = "<group>"; };
		DB104E7923F3A97F002A8F5B /* ReadingListData.swift */ = {isa = PBXFileReference; lastKnownFileType = sourcecode.swift; path = ReadingListData.swift; sourceTree = "<group>"; };
		DB104E7C23F3BB41002A8F5B /* ReadingListCell.swift */ = {isa = PBXFileReference; lastKnownFileType = sourcecode.swift; path = ReadingListCell.swift; sourceTree = "<group>"; };
		DB104E7D23F3BB41002A8F5B /* ReadingListCell.xib */ = {isa = PBXFileReference; lastKnownFileType = file.xib; path = ReadingListCell.xib; sourceTree = "<group>"; };
		DB104E8023F3BD68002A8F5B /* FolderCell.xib */ = {isa = PBXFileReference; fileEncoding = 4; lastKnownFileType = file.xib; path = FolderCell.xib; sourceTree = "<group>"; };
		DB104E8123F3BD68002A8F5B /* FolderCell.swift */ = {isa = PBXFileReference; fileEncoding = 4; lastKnownFileType = sourcecode.swift; path = FolderCell.swift; sourceTree = "<group>"; };
		DB104E8423F3BDD3002A8F5B /* ReadingListVC.swift */ = {isa = PBXFileReference; lastKnownFileType = sourcecode.swift; path = ReadingListVC.swift; sourceTree = "<group>"; };
		DB104E8623F3BEF1002A8F5B /* NotificationGroup.swift */ = {isa = PBXFileReference; lastKnownFileType = sourcecode.swift; path = NotificationGroup.swift; sourceTree = "<group>"; };
		DB104E8823F3BF35002A8F5B /* UserDefaultsManager.swift */ = {isa = PBXFileReference; lastKnownFileType = sourcecode.swift; path = UserDefaultsManager.swift; sourceTree = "<group>"; };
		DB104E8A23F3BFBD002A8F5B /* SegmentControlVC.swift */ = {isa = PBXFileReference; lastKnownFileType = sourcecode.swift; path = SegmentControlVC.swift; sourceTree = "<group>"; };
		DB104E8C23F50730002A8F5B /* BookmarkVC.swift */ = {isa = PBXFileReference; lastKnownFileType = sourcecode.swift; path = BookmarkVC.swift; sourceTree = "<group>"; };
		DB3D8C1323F90D0C00AD72D7 /* bookmarks_11_19_19.html */ = {isa = PBXFileReference; fileEncoding = 4; lastKnownFileType = text.html; path = bookmarks_11_19_19.html; sourceTree = "<group>"; };
		DB3D8C1523F95C5700AD72D7 /* HistoryCell.swift */ = {isa = PBXFileReference; lastKnownFileType = sourcecode.swift; path = HistoryCell.swift; sourceTree = "<group>"; };
		DB3D8C1723F98FFE00AD72D7 /* EditBookmarkVC.swift */ = {isa = PBXFileReference; lastKnownFileType = sourcecode.swift; path = EditBookmarkVC.swift; sourceTree = "<group>"; };
		DB41938A23DFFF4E002C9216 /* NavigationVC.swift */ = {isa = PBXFileReference; lastKnownFileType = sourcecode.swift; path = NavigationVC.swift; sourceTree = "<group>"; };
		DB6F408423E94FB40018D75F /* Extensions.swift */ = {isa = PBXFileReference; lastKnownFileType = sourcecode.swift; path = Extensions.swift; sourceTree = "<group>"; };
		DB6F408623E95A410018D75F /* Observables.swift */ = {isa = PBXFileReference; lastKnownFileType = sourcecode.swift; path = Observables.swift; sourceTree = "<group>"; };
		DB6F408923ED14870018D75F /* Menus.swift */ = {isa = PBXFileReference; lastKnownFileType = sourcecode.swift; path = Menus.swift; sourceTree = "<group>"; };
		DB6F408B23ED45D60018D75F /* CustomBarButton.swift */ = {isa = PBXFileReference; lastKnownFileType = sourcecode.swift; path = CustomBarButton.swift; sourceTree = "<group>"; };
		DBA4B95E23D6CBF600122D39 /* Safari.app */ = {isa = PBXFileReference; explicitFileType = wrapper.application; includeInIndex = 0; path = Safari.app; sourceTree = BUILT_PRODUCTS_DIR; };
		DBA4B96123D6CBF600122D39 /* AppDelegate.swift */ = {isa = PBXFileReference; lastKnownFileType = sourcecode.swift; path = AppDelegate.swift; sourceTree = "<group>"; };
		DBA4B96323D6CBF600122D39 /* SceneDelegate.swift */ = {isa = PBXFileReference; lastKnownFileType = sourcecode.swift; path = SceneDelegate.swift; sourceTree = "<group>"; };
		DBA4B96523D6CBF600122D39 /* ContainerVC.swift */ = {isa = PBXFileReference; lastKnownFileType = sourcecode.swift; path = ContainerVC.swift; sourceTree = "<group>"; };
		DBA4B96823D6CBF600122D39 /* Base */ = {isa = PBXFileReference; lastKnownFileType = file.storyboard; name = Base; path = Base.lproj/Main.storyboard; sourceTree = "<group>"; };
		DBA4B96B23D6CBF600122D39 /* Safari.xcdatamodel */ = {isa = PBXFileReference; lastKnownFileType = wrapper.xcdatamodel; path = Safari.xcdatamodel; sourceTree = "<group>"; };
		DBA4B96D23D6CBF900122D39 /* Assets.xcassets */ = {isa = PBXFileReference; lastKnownFileType = folder.assetcatalog; path = Assets.xcassets; sourceTree = "<group>"; };
		DBA4B97023D6CBF900122D39 /* Base */ = {isa = PBXFileReference; lastKnownFileType = file.storyboard; name = Base; path = Base.lproj/LaunchScreen.storyboard; sourceTree = "<group>"; };
		DBA4B97223D6CBF900122D39 /* Info.plist */ = {isa = PBXFileReference; lastKnownFileType = text.plist.xml; path = Info.plist; sourceTree = "<group>"; };
		DBA4B97723D6CBFA00122D39 /* SafariTests.xctest */ = {isa = PBXFileReference; explicitFileType = wrapper.cfbundle; includeInIndex = 0; path = SafariTests.xctest; sourceTree = BUILT_PRODUCTS_DIR; };
		DBA4B97B23D6CBFA00122D39 /* SafariTests.swift */ = {isa = PBXFileReference; lastKnownFileType = sourcecode.swift; path = SafariTests.swift; sourceTree = "<group>"; };
		DBA4B97D23D6CBFA00122D39 /* Info.plist */ = {isa = PBXFileReference; lastKnownFileType = text.plist.xml; path = Info.plist; sourceTree = "<group>"; };
		DBA4B98223D6CBFA00122D39 /* SafariUITests.xctest */ = {isa = PBXFileReference; explicitFileType = wrapper.cfbundle; includeInIndex = 0; path = SafariUITests.xctest; sourceTree = BUILT_PRODUCTS_DIR; };
		DBA4B98623D6CBFA00122D39 /* SafariUITests.swift */ = {isa = PBXFileReference; lastKnownFileType = sourcecode.swift; path = SafariUITests.swift; sourceTree = "<group>"; };
		DBA4B98823D6CBFA00122D39 /* Info.plist */ = {isa = PBXFileReference; lastKnownFileType = text.plist.xml; path = Info.plist; sourceTree = "<group>"; };
		DBA4B99423D6D29100122D39 /* MainWebVC.swift */ = {isa = PBXFileReference; lastKnownFileType = sourcecode.swift; path = MainWebVC.swift; sourceTree = "<group>"; };
		DBA4B99523D6D29100122D39 /* MainWebVC.xib */ = {isa = PBXFileReference; lastKnownFileType = file.xib; path = MainWebVC.xib; sourceTree = "<group>"; };
		DBE3C2CE23F992F9008986C0 /* EditFolderVC.swift */ = {isa = PBXFileReference; lastKnownFileType = sourcecode.swift; path = EditFolderVC.swift; sourceTree = "<group>"; };
		ECEA09382295F7242CFB3081 /* Pods-SafariUITests.debug.xcconfig */ = {isa = PBXFileReference; includeInIndex = 1; lastKnownFileType = text.xcconfig; name = "Pods-SafariUITests.debug.xcconfig"; path = "Target Support Files/Pods-SafariUITests/Pods-SafariUITests.debug.xcconfig"; sourceTree = "<group>"; };
		ED32E9907F9188BF032D94E4 /* Pods-Safari.debug.xcconfig */ = {isa = PBXFileReference; includeInIndex = 1; lastKnownFileType = text.xcconfig; name = "Pods-Safari.debug.xcconfig"; path = "Target Support Files/Pods-Safari/Pods-Safari.debug.xcconfig"; sourceTree = "<group>"; };
/* End PBXFileReference section */

/* Begin PBXFrameworksBuildPhase section */
		DBA4B95B23D6CBF600122D39 /* Frameworks */ = {
			isa = PBXFrameworksBuildPhase;
			buildActionMask = 2147483647;
			files = (
				ADEC2BEC631DBA25666425FD /* Pods_Safari.framework in Frameworks */,
			);
			runOnlyForDeploymentPostprocessing = 0;
		};
		DBA4B97423D6CBFA00122D39 /* Frameworks */ = {
			isa = PBXFrameworksBuildPhase;
			buildActionMask = 2147483647;
			files = (
				F6D7BB6F5D818B6ECF7A8A41 /* Pods_SafariTests.framework in Frameworks */,
			);
			runOnlyForDeploymentPostprocessing = 0;
		};
		DBA4B97F23D6CBFA00122D39 /* Frameworks */ = {
			isa = PBXFrameworksBuildPhase;
			buildActionMask = 2147483647;
			files = (
				9B21035B4F5EF01DC5F0D1E8 /* Pods_SafariUITests.framework in Frameworks */,
			);
			runOnlyForDeploymentPostprocessing = 0;
		};
/* End PBXFrameworksBuildPhase section */

/* Begin PBXGroup section */
		D80531FDBE840E5232FDE7D7 /* Pods */ = {
			isa = PBXGroup;
			children = (
				ED32E9907F9188BF032D94E4 /* Pods-Safari.debug.xcconfig */,
				CB681921592B8946273CB19A /* Pods-Safari.release.xcconfig */,
				C32323A48087BD0590A444C4 /* Pods-SafariTests.debug.xcconfig */,
				79D7A958E75DFF297D5A05FE /* Pods-SafariTests.release.xcconfig */,
				ECEA09382295F7242CFB3081 /* Pods-SafariUITests.debug.xcconfig */,
				897259337FFDC5D33225322D /* Pods-SafariUITests.release.xcconfig */,
			);
			path = Pods;
			sourceTree = "<group>";
		};
		DB104E7123F3A6E8002A8F5B /* Controllers */ = {
			isa = PBXGroup;
			children = (
				DB104E8A23F3BFBD002A8F5B /* SegmentControlVC.swift */,
				DB104E8C23F50730002A8F5B /* BookmarkVC.swift */,
				DB104E7223F3A726002A8F5B /* HistoryVC.swift */,
				DB104E8423F3BDD3002A8F5B /* ReadingListVC.swift */,
				DB3D8C1723F98FFE00AD72D7 /* EditBookmarkVC.swift */,
				DBE3C2CE23F992F9008986C0 /* EditFolderVC.swift */,
			);
			path = Controllers;
			sourceTree = "<group>";
		};
		DB104E7423F3A782002A8F5B /* Model */ = {
			isa = PBXGroup;
			children = (
				DB104E7523F3A79C002A8F5B /* HistoryData.swift */,
				DB104E7723F3A7D4002A8F5B /* BookmarkData.swift */,
				DB104E7923F3A97F002A8F5B /* ReadingListData.swift */,
				DB3D8C1323F90D0C00AD72D7 /* bookmarks_11_19_19.html */,
			);
			path = Model;
			sourceTree = "<group>";
		};
		DB104E7B23F3BAF8002A8F5B /* Cells */ = {
			isa = PBXGroup;
			children = (
				DB104E7C23F3BB41002A8F5B /* ReadingListCell.swift */,
				DB104E7D23F3BB41002A8F5B /* ReadingListCell.xib */,
				DB104E8123F3BD68002A8F5B /* FolderCell.swift */,
				DB104E8023F3BD68002A8F5B /* FolderCell.xib */,
				DB3D8C1523F95C5700AD72D7 /* HistoryCell.swift */,
			);
			path = Cells;
			sourceTree = "<group>";
		};
		DB6F408323E94F990018D75F /* Managers */ = {
			isa = PBXGroup;
			children = (
				DB6F408423E94FB40018D75F /* Extensions.swift */,
				DB6F408623E95A410018D75F /* Observables.swift */,
				DB104E8623F3BEF1002A8F5B /* NotificationGroup.swift */,
				DB104E8823F3BF35002A8F5B /* UserDefaultsManager.swift */,
			);
			path = Managers;
			sourceTree = "<group>";
		};
		DB6F408823ED14450018D75F /* Views */ = {
			isa = PBXGroup;
			children = (
				DB6F408923ED14870018D75F /* Menus.swift */,
				DB104E6D23F25CBB002A8F5B /* Alerts.swift */,
				DB6F408B23ED45D60018D75F /* CustomBarButton.swift */,
			);
			path = Views;
			sourceTree = "<group>";
		};
		DBA4B95523D6CBF600122D39 = {
			isa = PBXGroup;
			children = (
				DBA4B96023D6CBF600122D39 /* Safari */,
				DBA4B97A23D6CBFA00122D39 /* SafariTests */,
				DBA4B98523D6CBFA00122D39 /* SafariUITests */,
				DBA4B95F23D6CBF600122D39 /* Products */,
				D80531FDBE840E5232FDE7D7 /* Pods */,
				FA33DEA6CF58AEA0327B42AC /* Frameworks */,
			);
			sourceTree = "<group>";
		};
		DBA4B95F23D6CBF600122D39 /* Products */ = {
			isa = PBXGroup;
			children = (
				DBA4B95E23D6CBF600122D39 /* Safari.app */,
				DBA4B97723D6CBFA00122D39 /* SafariTests.xctest */,
				DBA4B98223D6CBFA00122D39 /* SafariUITests.xctest */,
			);
			name = Products;
			sourceTree = "<group>";
		};
		DBA4B96023D6CBF600122D39 /* Safari */ = {
			isa = PBXGroup;
			children = (
				DBA4B96123D6CBF600122D39 /* AppDelegate.swift */,
				DBA4B96323D6CBF600122D39 /* SceneDelegate.swift */,
				DBA4B96723D6CBF600122D39 /* Main.storyboard */,
				DBA4B96523D6CBF600122D39 /* ContainerVC.swift */,
				DB41938A23DFFF4E002C9216 /* NavigationVC.swift */,
				DBA4B99423D6D29100122D39 /* MainWebVC.swift */,
				DBA4B99523D6D29100122D39 /* MainWebVC.xib */,
				DB104E7423F3A782002A8F5B /* Model */,
				DB104E7123F3A6E8002A8F5B /* Controllers */,
				DB6F408823ED14450018D75F /* Views */,
				DB104E7B23F3BAF8002A8F5B /* Cells */,
				DB6F408323E94F990018D75F /* Managers */,
				DBA4B96D23D6CBF900122D39 /* Assets.xcassets */,
				DBA4B96F23D6CBF900122D39 /* LaunchScreen.storyboard */,
				DBA4B97223D6CBF900122D39 /* Info.plist */,
				DBA4B96A23D6CBF600122D39 /* Safari.xcdatamodeld */,
			);
			path = Safari;
			sourceTree = "<group>";
		};
		DBA4B97A23D6CBFA00122D39 /* SafariTests */ = {
			isa = PBXGroup;
			children = (
				DBA4B97B23D6CBFA00122D39 /* SafariTests.swift */,
				DBA4B97D23D6CBFA00122D39 /* Info.plist */,
			);
			path = SafariTests;
			sourceTree = "<group>";
		};
		DBA4B98523D6CBFA00122D39 /* SafariUITests */ = {
			isa = PBXGroup;
			children = (
				DBA4B98623D6CBFA00122D39 /* SafariUITests.swift */,
				DBA4B98823D6CBFA00122D39 /* Info.plist */,
			);
			path = SafariUITests;
			sourceTree = "<group>";
		};
		FA33DEA6CF58AEA0327B42AC /* Frameworks */ = {
			isa = PBXGroup;
			children = (
				118EBEAF09E31FC912CCE38F /* Pods_Safari.framework */,
				126AC6A83B1F3FD52C8B880D /* Pods_SafariTests.framework */,
				8ADB72567865FD708C0A0D96 /* Pods_SafariUITests.framework */,
			);
			name = Frameworks;
			sourceTree = "<group>";
		};
/* End PBXGroup section */

/* Begin PBXNativeTarget section */
		DBA4B95D23D6CBF600122D39 /* Safari */ = {
			isa = PBXNativeTarget;
			buildConfigurationList = DBA4B98B23D6CBFA00122D39 /* Build configuration list for PBXNativeTarget "Safari" */;
			buildPhases = (
				EE88DFF5BFF0D61441186F73 /* [CP] Check Pods Manifest.lock */,
				DBA4B95A23D6CBF600122D39 /* Sources */,
				DBA4B95B23D6CBF600122D39 /* Frameworks */,
				DBA4B95C23D6CBF600122D39 /* Resources */,
				599079092FA628957C9E0B7C /* [CP] Embed Pods Frameworks */,
			);
			buildRules = (
			);
			dependencies = (
			);
			name = Safari;
			productName = Safari;
			productReference = DBA4B95E23D6CBF600122D39 /* Safari.app */;
			productType = "com.apple.product-type.application";
		};
		DBA4B97623D6CBFA00122D39 /* SafariTests */ = {
			isa = PBXNativeTarget;
			buildConfigurationList = DBA4B98E23D6CBFA00122D39 /* Build configuration list for PBXNativeTarget "SafariTests" */;
			buildPhases = (
				387B5BE999302C860190B313 /* [CP] Check Pods Manifest.lock */,
				DBA4B97323D6CBFA00122D39 /* Sources */,
				DBA4B97423D6CBFA00122D39 /* Frameworks */,
				DBA4B97523D6CBFA00122D39 /* Resources */,
			);
			buildRules = (
			);
			dependencies = (
				DBA4B97923D6CBFA00122D39 /* PBXTargetDependency */,
			);
			name = SafariTests;
			productName = SafariTests;
			productReference = DBA4B97723D6CBFA00122D39 /* SafariTests.xctest */;
			productType = "com.apple.product-type.bundle.unit-test";
		};
		DBA4B98123D6CBFA00122D39 /* SafariUITests */ = {
			isa = PBXNativeTarget;
			buildConfigurationList = DBA4B99123D6CBFA00122D39 /* Build configuration list for PBXNativeTarget "SafariUITests" */;
			buildPhases = (
				C6055C06386C2F051CE834D4 /* [CP] Check Pods Manifest.lock */,
				DBA4B97E23D6CBFA00122D39 /* Sources */,
				DBA4B97F23D6CBFA00122D39 /* Frameworks */,
				DBA4B98023D6CBFA00122D39 /* Resources */,
			);
			buildRules = (
			);
			dependencies = (
				DBA4B98423D6CBFA00122D39 /* PBXTargetDependency */,
			);
			name = SafariUITests;
			productName = SafariUITests;
			productReference = DBA4B98223D6CBFA00122D39 /* SafariUITests.xctest */;
			productType = "com.apple.product-type.bundle.ui-testing";
		};
/* End PBXNativeTarget section */

/* Begin PBXProject section */
		DBA4B95623D6CBF600122D39 /* Project object */ = {
			isa = PBXProject;
			attributes = {
				LastSwiftUpdateCheck = 1130;
				LastUpgradeCheck = 1130;
				ORGANIZATIONNAME = "변재우";
				TargetAttributes = {
					DBA4B95D23D6CBF600122D39 = {
						CreatedOnToolsVersion = 11.3;
					};
					DBA4B97623D6CBFA00122D39 = {
						CreatedOnToolsVersion = 11.3;
						TestTargetID = DBA4B95D23D6CBF600122D39;
					};
					DBA4B98123D6CBFA00122D39 = {
						CreatedOnToolsVersion = 11.3;
						TestTargetID = DBA4B95D23D6CBF600122D39;
					};
				};
			};
			buildConfigurationList = DBA4B95923D6CBF600122D39 /* Build configuration list for PBXProject "Safari" */;
			compatibilityVersion = "Xcode 9.3";
			developmentRegion = en;
			hasScannedForEncodings = 0;
			knownRegions = (
				en,
				Base,
			);
			mainGroup = DBA4B95523D6CBF600122D39;
			productRefGroup = DBA4B95F23D6CBF600122D39 /* Products */;
			projectDirPath = "";
			projectRoot = "";
			targets = (
				DBA4B95D23D6CBF600122D39 /* Safari */,
				DBA4B97623D6CBFA00122D39 /* SafariTests */,
				DBA4B98123D6CBFA00122D39 /* SafariUITests */,
			);
		};
/* End PBXProject section */

/* Begin PBXResourcesBuildPhase section */
		DBA4B95C23D6CBF600122D39 /* Resources */ = {
			isa = PBXResourcesBuildPhase;
			buildActionMask = 2147483647;
			files = (
				DB3D8C1423F90D0D00AD72D7 /* bookmarks_11_19_19.html in Resources */,
				DBA4B97123D6CBF900122D39 /* LaunchScreen.storyboard in Resources */,
				DB104E8223F3BD68002A8F5B /* FolderCell.xib in Resources */,
				DBA4B96E23D6CBF900122D39 /* Assets.xcassets in Resources */,
				DB104E7F23F3BB41002A8F5B /* ReadingListCell.xib in Resources */,
				DBA4B99723D6D29100122D39 /* MainWebVC.xib in Resources */,
				DBA4B96923D6CBF600122D39 /* Main.storyboard in Resources */,
			);
			runOnlyForDeploymentPostprocessing = 0;
		};
		DBA4B97523D6CBFA00122D39 /* Resources */ = {
			isa = PBXResourcesBuildPhase;
			buildActionMask = 2147483647;
			files = (
			);
			runOnlyForDeploymentPostprocessing = 0;
		};
		DBA4B98023D6CBFA00122D39 /* Resources */ = {
			isa = PBXResourcesBuildPhase;
			buildActionMask = 2147483647;
			files = (
			);
			runOnlyForDeploymentPostprocessing = 0;
		};
/* End PBXResourcesBuildPhase section */

/* Begin PBXShellScriptBuildPhase section */
		387B5BE999302C860190B313 /* [CP] Check Pods Manifest.lock */ = {
			isa = PBXShellScriptBuildPhase;
			buildActionMask = 2147483647;
			files = (
			);
			inputFileListPaths = (
			);
			inputPaths = (
				"${PODS_PODFILE_DIR_PATH}/Podfile.lock",
				"${PODS_ROOT}/Manifest.lock",
			);
			name = "[CP] Check Pods Manifest.lock";
			outputFileListPaths = (
			);
			outputPaths = (
				"$(DERIVED_FILE_DIR)/Pods-SafariTests-checkManifestLockResult.txt",
			);
			runOnlyForDeploymentPostprocessing = 0;
			shellPath = /bin/sh;
			shellScript = "diff \"${PODS_PODFILE_DIR_PATH}/Podfile.lock\" \"${PODS_ROOT}/Manifest.lock\" > /dev/null\nif [ $? != 0 ] ; then\n    # print error to STDERR\n    echo \"error: The sandbox is not in sync with the Podfile.lock. Run 'pod install' or update your CocoaPods installation.\" >&2\n    exit 1\nfi\n# This output is used by Xcode 'outputs' to avoid re-running this script phase.\necho \"SUCCESS\" > \"${SCRIPT_OUTPUT_FILE_0}\"\n";
			showEnvVarsInLog = 0;
		};
		599079092FA628957C9E0B7C /* [CP] Embed Pods Frameworks */ = {
			isa = PBXShellScriptBuildPhase;
			buildActionMask = 2147483647;
			files = (
			);
			inputFileListPaths = (
				"${PODS_ROOT}/Target Support Files/Pods-Safari/Pods-Safari-frameworks-${CONFIGURATION}-input-files.xcfilelist",
			);
			name = "[CP] Embed Pods Frameworks";
			outputFileListPaths = (
				"${PODS_ROOT}/Target Support Files/Pods-Safari/Pods-Safari-frameworks-${CONFIGURATION}-output-files.xcfilelist",
			);
			runOnlyForDeploymentPostprocessing = 0;
			shellPath = /bin/sh;
			shellScript = "\"${PODS_ROOT}/Target Support Files/Pods-Safari/Pods-Safari-frameworks.sh\"\n";
			showEnvVarsInLog = 0;
		};
		C6055C06386C2F051CE834D4 /* [CP] Check Pods Manifest.lock */ = {
			isa = PBXShellScriptBuildPhase;
			buildActionMask = 2147483647;
			files = (
			);
			inputFileListPaths = (
			);
			inputPaths = (
				"${PODS_PODFILE_DIR_PATH}/Podfile.lock",
				"${PODS_ROOT}/Manifest.lock",
			);
			name = "[CP] Check Pods Manifest.lock";
			outputFileListPaths = (
			);
			outputPaths = (
				"$(DERIVED_FILE_DIR)/Pods-SafariUITests-checkManifestLockResult.txt",
			);
			runOnlyForDeploymentPostprocessing = 0;
			shellPath = /bin/sh;
			shellScript = "diff \"${PODS_PODFILE_DIR_PATH}/Podfile.lock\" \"${PODS_ROOT}/Manifest.lock\" > /dev/null\nif [ $? != 0 ] ; then\n    # print error to STDERR\n    echo \"error: The sandbox is not in sync with the Podfile.lock. Run 'pod install' or update your CocoaPods installation.\" >&2\n    exit 1\nfi\n# This output is used by Xcode 'outputs' to avoid re-running this script phase.\necho \"SUCCESS\" > \"${SCRIPT_OUTPUT_FILE_0}\"\n";
			showEnvVarsInLog = 0;
		};
		EE88DFF5BFF0D61441186F73 /* [CP] Check Pods Manifest.lock */ = {
			isa = PBXShellScriptBuildPhase;
			buildActionMask = 2147483647;
			files = (
			);
			inputFileListPaths = (
			);
			inputPaths = (
				"${PODS_PODFILE_DIR_PATH}/Podfile.lock",
				"${PODS_ROOT}/Manifest.lock",
			);
			name = "[CP] Check Pods Manifest.lock";
			outputFileListPaths = (
			);
			outputPaths = (
				"$(DERIVED_FILE_DIR)/Pods-Safari-checkManifestLockResult.txt",
			);
			runOnlyForDeploymentPostprocessing = 0;
			shellPath = /bin/sh;
			shellScript = "diff \"${PODS_PODFILE_DIR_PATH}/Podfile.lock\" \"${PODS_ROOT}/Manifest.lock\" > /dev/null\nif [ $? != 0 ] ; then\n    # print error to STDERR\n    echo \"error: The sandbox is not in sync with the Podfile.lock. Run 'pod install' or update your CocoaPods installation.\" >&2\n    exit 1\nfi\n# This output is used by Xcode 'outputs' to avoid re-running this script phase.\necho \"SUCCESS\" > \"${SCRIPT_OUTPUT_FILE_0}\"\n";
			showEnvVarsInLog = 0;
		};
/* End PBXShellScriptBuildPhase section */

/* Begin PBXSourcesBuildPhase section */
		DBA4B95A23D6CBF600122D39 /* Sources */ = {
			isa = PBXSourcesBuildPhase;
			buildActionMask = 2147483647;
			files = (
				DB104E7A23F3A97F002A8F5B /* ReadingListData.swift in Sources */,
				DB41938B23DFFF4E002C9216 /* NavigationVC.swift in Sources */,
				DBA4B99623D6D29100122D39 /* MainWebVC.swift in Sources */,
				DBA4B96623D6CBF600122D39 /* ContainerVC.swift in Sources */,
				DB104E7E23F3BB41002A8F5B /* ReadingListCell.swift in Sources */,
				DBA4B96C23D6CBF600122D39 /* Safari.xcdatamodeld in Sources */,
				DB104E7623F3A79C002A8F5B /* HistoryData.swift in Sources */,
				DB6F408C23ED45D60018D75F /* CustomBarButton.swift in Sources */,
				DB6F408723E95A410018D75F /* Observables.swift in Sources */,
				DB104E7823F3A7D4002A8F5B /* BookmarkData.swift in Sources */,
				DB104E8D23F50730002A8F5B /* BookmarkVC.swift in Sources */,
				DB104E8323F3BD68002A8F5B /* FolderCell.swift in Sources */,
				DB104E8523F3BDD3002A8F5B /* ReadingListVC.swift in Sources */,
				DBA4B96223D6CBF600122D39 /* AppDelegate.swift in Sources */,
				DB104E8B23F3BFBD002A8F5B /* SegmentControlVC.swift in Sources */,
				DB3D8C1623F95C5700AD72D7 /* HistoryCell.swift in Sources */,
				DB104E8723F3BEF1002A8F5B /* NotificationGroup.swift in Sources */,
				DBA4B96423D6CBF600122D39 /* SceneDelegate.swift in Sources */,
				DB6F408523E94FB40018D75F /* Extensions.swift in Sources */,
				DB104E8923F3BF35002A8F5B /* UserDefaultsManager.swift in Sources */,
				DB3D8C1823F98FFE00AD72D7 /* EditBookmarkVC.swift in Sources */,
				DB104E6E23F25CBB002A8F5B /* Alerts.swift in Sources */,
				DBE3C2CF23F992F9008986C0 /* EditFolderVC.swift in Sources */,
				DB104E7323F3A726002A8F5B /* HistoryVC.swift in Sources */,
				DB6F408A23ED14870018D75F /* Menus.swift in Sources */,
			);
			runOnlyForDeploymentPostprocessing = 0;
		};
		DBA4B97323D6CBFA00122D39 /* Sources */ = {
			isa = PBXSourcesBuildPhase;
			buildActionMask = 2147483647;
			files = (
				DBA4B97C23D6CBFA00122D39 /* SafariTests.swift in Sources */,
			);
			runOnlyForDeploymentPostprocessing = 0;
		};
		DBA4B97E23D6CBFA00122D39 /* Sources */ = {
			isa = PBXSourcesBuildPhase;
			buildActionMask = 2147483647;
			files = (
				DBA4B98723D6CBFA00122D39 /* SafariUITests.swift in Sources */,
			);
			runOnlyForDeploymentPostprocessing = 0;
		};
/* End PBXSourcesBuildPhase section */

/* Begin PBXTargetDependency section */
		DBA4B97923D6CBFA00122D39 /* PBXTargetDependency */ = {
			isa = PBXTargetDependency;
			target = DBA4B95D23D6CBF600122D39 /* Safari */;
			targetProxy = DBA4B97823D6CBFA00122D39 /* PBXContainerItemProxy */;
		};
		DBA4B98423D6CBFA00122D39 /* PBXTargetDependency */ = {
			isa = PBXTargetDependency;
			target = DBA4B95D23D6CBF600122D39 /* Safari */;
			targetProxy = DBA4B98323D6CBFA00122D39 /* PBXContainerItemProxy */;
		};
/* End PBXTargetDependency section */

/* Begin PBXVariantGroup section */
		DBA4B96723D6CBF600122D39 /* Main.storyboard */ = {
			isa = PBXVariantGroup;
			children = (
				DBA4B96823D6CBF600122D39 /* Base */,
			);
			name = Main.storyboard;
			sourceTree = "<group>";
		};
		DBA4B96F23D6CBF900122D39 /* LaunchScreen.storyboard */ = {
			isa = PBXVariantGroup;
			children = (
				DBA4B97023D6CBF900122D39 /* Base */,
			);
			name = LaunchScreen.storyboard;
			sourceTree = "<group>";
		};
/* End PBXVariantGroup section */

/* Begin XCBuildConfiguration section */
		DBA4B98923D6CBFA00122D39 /* Debug */ = {
			isa = XCBuildConfiguration;
			buildSettings = {
				ALWAYS_SEARCH_USER_PATHS = NO;
				CLANG_ANALYZER_NONNULL = YES;
				CLANG_ANALYZER_NUMBER_OBJECT_CONVERSION = YES_AGGRESSIVE;
				CLANG_CXX_LANGUAGE_STANDARD = "gnu++14";
				CLANG_CXX_LIBRARY = "libc++";
				CLANG_ENABLE_MODULES = YES;
				CLANG_ENABLE_OBJC_ARC = YES;
				CLANG_ENABLE_OBJC_WEAK = YES;
				CLANG_WARN_BLOCK_CAPTURE_AUTORELEASING = YES;
				CLANG_WARN_BOOL_CONVERSION = YES;
				CLANG_WARN_COMMA = YES;
				CLANG_WARN_CONSTANT_CONVERSION = YES;
				CLANG_WARN_DEPRECATED_OBJC_IMPLEMENTATIONS = YES;
				CLANG_WARN_DIRECT_OBJC_ISA_USAGE = YES_ERROR;
				CLANG_WARN_DOCUMENTATION_COMMENTS = YES;
				CLANG_WARN_EMPTY_BODY = YES;
				CLANG_WARN_ENUM_CONVERSION = YES;
				CLANG_WARN_INFINITE_RECURSION = YES;
				CLANG_WARN_INT_CONVERSION = YES;
				CLANG_WARN_NON_LITERAL_NULL_CONVERSION = YES;
				CLANG_WARN_OBJC_IMPLICIT_RETAIN_SELF = YES;
				CLANG_WARN_OBJC_LITERAL_CONVERSION = YES;
				CLANG_WARN_OBJC_ROOT_CLASS = YES_ERROR;
				CLANG_WARN_RANGE_LOOP_ANALYSIS = YES;
				CLANG_WARN_STRICT_PROTOTYPES = YES;
				CLANG_WARN_SUSPICIOUS_MOVE = YES;
				CLANG_WARN_UNGUARDED_AVAILABILITY = YES_AGGRESSIVE;
				CLANG_WARN_UNREACHABLE_CODE = YES;
				CLANG_WARN__DUPLICATE_METHOD_MATCH = YES;
				COPY_PHASE_STRIP = NO;
				DEBUG_INFORMATION_FORMAT = dwarf;
				ENABLE_STRICT_OBJC_MSGSEND = YES;
				ENABLE_TESTABILITY = YES;
				GCC_C_LANGUAGE_STANDARD = gnu11;
				GCC_DYNAMIC_NO_PIC = NO;
				GCC_NO_COMMON_BLOCKS = YES;
				GCC_OPTIMIZATION_LEVEL = 0;
				GCC_PREPROCESSOR_DEFINITIONS = (
					"DEBUG=1",
					"$(inherited)",
				);
				GCC_WARN_64_TO_32_BIT_CONVERSION = YES;
				GCC_WARN_ABOUT_RETURN_TYPE = YES_ERROR;
				GCC_WARN_UNDECLARED_SELECTOR = YES;
				GCC_WARN_UNINITIALIZED_AUTOS = YES_AGGRESSIVE;
				GCC_WARN_UNUSED_FUNCTION = YES;
				GCC_WARN_UNUSED_VARIABLE = YES;
				IPHONEOS_DEPLOYMENT_TARGET = 13.2;
				MTL_ENABLE_DEBUG_INFO = INCLUDE_SOURCE;
				MTL_FAST_MATH = YES;
				ONLY_ACTIVE_ARCH = YES;
				SDKROOT = iphoneos;
				SWIFT_ACTIVE_COMPILATION_CONDITIONS = DEBUG;
				SWIFT_OPTIMIZATION_LEVEL = "-Onone";
			};
			name = Debug;
		};
		DBA4B98A23D6CBFA00122D39 /* Release */ = {
			isa = XCBuildConfiguration;
			buildSettings = {
				ALWAYS_SEARCH_USER_PATHS = NO;
				CLANG_ANALYZER_NONNULL = YES;
				CLANG_ANALYZER_NUMBER_OBJECT_CONVERSION = YES_AGGRESSIVE;
				CLANG_CXX_LANGUAGE_STANDARD = "gnu++14";
				CLANG_CXX_LIBRARY = "libc++";
				CLANG_ENABLE_MODULES = YES;
				CLANG_ENABLE_OBJC_ARC = YES;
				CLANG_ENABLE_OBJC_WEAK = YES;
				CLANG_WARN_BLOCK_CAPTURE_AUTORELEASING = YES;
				CLANG_WARN_BOOL_CONVERSION = YES;
				CLANG_WARN_COMMA = YES;
				CLANG_WARN_CONSTANT_CONVERSION = YES;
				CLANG_WARN_DEPRECATED_OBJC_IMPLEMENTATIONS = YES;
				CLANG_WARN_DIRECT_OBJC_ISA_USAGE = YES_ERROR;
				CLANG_WARN_DOCUMENTATION_COMMENTS = YES;
				CLANG_WARN_EMPTY_BODY = YES;
				CLANG_WARN_ENUM_CONVERSION = YES;
				CLANG_WARN_INFINITE_RECURSION = YES;
				CLANG_WARN_INT_CONVERSION = YES;
				CLANG_WARN_NON_LITERAL_NULL_CONVERSION = YES;
				CLANG_WARN_OBJC_IMPLICIT_RETAIN_SELF = YES;
				CLANG_WARN_OBJC_LITERAL_CONVERSION = YES;
				CLANG_WARN_OBJC_ROOT_CLASS = YES_ERROR;
				CLANG_WARN_RANGE_LOOP_ANALYSIS = YES;
				CLANG_WARN_STRICT_PROTOTYPES = YES;
				CLANG_WARN_SUSPICIOUS_MOVE = YES;
				CLANG_WARN_UNGUARDED_AVAILABILITY = YES_AGGRESSIVE;
				CLANG_WARN_UNREACHABLE_CODE = YES;
				CLANG_WARN__DUPLICATE_METHOD_MATCH = YES;
				COPY_PHASE_STRIP = NO;
				DEBUG_INFORMATION_FORMAT = "dwarf-with-dsym";
				ENABLE_NS_ASSERTIONS = NO;
				ENABLE_STRICT_OBJC_MSGSEND = YES;
				GCC_C_LANGUAGE_STANDARD = gnu11;
				GCC_NO_COMMON_BLOCKS = YES;
				GCC_WARN_64_TO_32_BIT_CONVERSION = YES;
				GCC_WARN_ABOUT_RETURN_TYPE = YES_ERROR;
				GCC_WARN_UNDECLARED_SELECTOR = YES;
				GCC_WARN_UNINITIALIZED_AUTOS = YES_AGGRESSIVE;
				GCC_WARN_UNUSED_FUNCTION = YES;
				GCC_WARN_UNUSED_VARIABLE = YES;
				IPHONEOS_DEPLOYMENT_TARGET = 13.2;
				MTL_ENABLE_DEBUG_INFO = NO;
				MTL_FAST_MATH = YES;
				SDKROOT = iphoneos;
				SWIFT_COMPILATION_MODE = wholemodule;
				SWIFT_OPTIMIZATION_LEVEL = "-O";
				VALIDATE_PRODUCT = YES;
			};
			name = Release;
		};
		DBA4B98C23D6CBFA00122D39 /* Debug */ = {
			isa = XCBuildConfiguration;
			baseConfigurationReference = ED32E9907F9188BF032D94E4 /* Pods-Safari.debug.xcconfig */;
			buildSettings = {
				ASSETCATALOG_COMPILER_APPICON_NAME = AppIcon;
				CODE_SIGN_STYLE = Automatic;
				DEVELOPMENT_TEAM = G3F27QB3QE;
				INFOPLIST_FILE = Safari/Info.plist;
				LD_RUNPATH_SEARCH_PATHS = (
					"$(inherited)",
					"@executable_path/Frameworks",
				);
				PRODUCT_BUNDLE_IDENTIFIER = com.jaewoobyun.Safari;
				PRODUCT_NAME = "$(TARGET_NAME)";
				SWIFT_VERSION = 5.0;
				TARGETED_DEVICE_FAMILY = "1,2";
			};
			name = Debug;
		};
		DBA4B98D23D6CBFA00122D39 /* Release */ = {
			isa = XCBuildConfiguration;
			baseConfigurationReference = CB681921592B8946273CB19A /* Pods-Safari.release.xcconfig */;
			buildSettings = {
				ASSETCATALOG_COMPILER_APPICON_NAME = AppIcon;
				CODE_SIGN_STYLE = Automatic;
				DEVELOPMENT_TEAM = G3F27QB3QE;
				INFOPLIST_FILE = Safari/Info.plist;
				LD_RUNPATH_SEARCH_PATHS = (
					"$(inherited)",
					"@executable_path/Frameworks",
				);
				PRODUCT_BUNDLE_IDENTIFIER = com.jaewoobyun.Safari;
				PRODUCT_NAME = "$(TARGET_NAME)";
				SWIFT_VERSION = 5.0;
				TARGETED_DEVICE_FAMILY = "1,2";
			};
			name = Release;
		};
		DBA4B98F23D6CBFA00122D39 /* Debug */ = {
			isa = XCBuildConfiguration;
			baseConfigurationReference = C32323A48087BD0590A444C4 /* Pods-SafariTests.debug.xcconfig */;
			buildSettings = {
				ALWAYS_EMBED_SWIFT_STANDARD_LIBRARIES = YES;
				BUNDLE_LOADER = "$(TEST_HOST)";
				CODE_SIGN_STYLE = Automatic;
				DEVELOPMENT_TEAM = G3F27QB3QE;
				INFOPLIST_FILE = SafariTests/Info.plist;
				IPHONEOS_DEPLOYMENT_TARGET = 13.2;
				LD_RUNPATH_SEARCH_PATHS = (
					"$(inherited)",
					"@executable_path/Frameworks",
					"@loader_path/Frameworks",
				);
				PRODUCT_BUNDLE_IDENTIFIER = com.jaewoobyun.SafariTests;
				PRODUCT_NAME = "$(TARGET_NAME)";
				SWIFT_VERSION = 5.0;
				TARGETED_DEVICE_FAMILY = "1,2";
				TEST_HOST = "$(BUILT_PRODUCTS_DIR)/Safari.app/Safari";
			};
			name = Debug;
		};
		DBA4B99023D6CBFA00122D39 /* Release */ = {
			isa = XCBuildConfiguration;
			baseConfigurationReference = 79D7A958E75DFF297D5A05FE /* Pods-SafariTests.release.xcconfig */;
			buildSettings = {
				ALWAYS_EMBED_SWIFT_STANDARD_LIBRARIES = YES;
				BUNDLE_LOADER = "$(TEST_HOST)";
				CODE_SIGN_STYLE = Automatic;
				DEVELOPMENT_TEAM = G3F27QB3QE;
				INFOPLIST_FILE = SafariTests/Info.plist;
				IPHONEOS_DEPLOYMENT_TARGET = 13.2;
				LD_RUNPATH_SEARCH_PATHS = (
					"$(inherited)",
					"@executable_path/Frameworks",
					"@loader_path/Frameworks",
				);
				PRODUCT_BUNDLE_IDENTIFIER = com.jaewoobyun.SafariTests;
				PRODUCT_NAME = "$(TARGET_NAME)";
				SWIFT_VERSION = 5.0;
				TARGETED_DEVICE_FAMILY = "1,2";
				TEST_HOST = "$(BUILT_PRODUCTS_DIR)/Safari.app/Safari";
			};
			name = Release;
		};
		DBA4B99223D6CBFA00122D39 /* Debug */ = {
			isa = XCBuildConfiguration;
			baseConfigurationReference = ECEA09382295F7242CFB3081 /* Pods-SafariUITests.debug.xcconfig */;
			buildSettings = {
				ALWAYS_EMBED_SWIFT_STANDARD_LIBRARIES = YES;
				CODE_SIGN_STYLE = Automatic;
				DEVELOPMENT_TEAM = G3F27QB3QE;
				INFOPLIST_FILE = SafariUITests/Info.plist;
				LD_RUNPATH_SEARCH_PATHS = (
					"$(inherited)",
					"@executable_path/Frameworks",
					"@loader_path/Frameworks",
				);
				PRODUCT_BUNDLE_IDENTIFIER = com.jaewoobyun.SafariUITests;
				PRODUCT_NAME = "$(TARGET_NAME)";
				SWIFT_VERSION = 5.0;
				TARGETED_DEVICE_FAMILY = "1,2";
				TEST_TARGET_NAME = Safari;
			};
			name = Debug;
		};
		DBA4B99323D6CBFA00122D39 /* Release */ = {
			isa = XCBuildConfiguration;
			baseConfigurationReference = 897259337FFDC5D33225322D /* Pods-SafariUITests.release.xcconfig */;
			buildSettings = {
				ALWAYS_EMBED_SWIFT_STANDARD_LIBRARIES = YES;
				CODE_SIGN_STYLE = Automatic;
				DEVELOPMENT_TEAM = G3F27QB3QE;
				INFOPLIST_FILE = SafariUITests/Info.plist;
				LD_RUNPATH_SEARCH_PATHS = (
					"$(inherited)",
					"@executable_path/Frameworks",
					"@loader_path/Frameworks",
				);
				PRODUCT_BUNDLE_IDENTIFIER = com.jaewoobyun.SafariUITests;
				PRODUCT_NAME = "$(TARGET_NAME)";
				SWIFT_VERSION = 5.0;
				TARGETED_DEVICE_FAMILY = "1,2";
				TEST_TARGET_NAME = Safari;
			};
			name = Release;
		};
/* End XCBuildConfiguration section */

/* Begin XCConfigurationList section */
		DBA4B95923D6CBF600122D39 /* Build configuration list for PBXProject "Safari" */ = {
			isa = XCConfigurationList;
			buildConfigurations = (
				DBA4B98923D6CBFA00122D39 /* Debug */,
				DBA4B98A23D6CBFA00122D39 /* Release */,
			);
			defaultConfigurationIsVisible = 0;
			defaultConfigurationName = Release;
		};
		DBA4B98B23D6CBFA00122D39 /* Build configuration list for PBXNativeTarget "Safari" */ = {
			isa = XCConfigurationList;
			buildConfigurations = (
				DBA4B98C23D6CBFA00122D39 /* Debug */,
				DBA4B98D23D6CBFA00122D39 /* Release */,
			);
			defaultConfigurationIsVisible = 0;
			defaultConfigurationName = Release;
		};
		DBA4B98E23D6CBFA00122D39 /* Build configuration list for PBXNativeTarget "SafariTests" */ = {
			isa = XCConfigurationList;
			buildConfigurations = (
				DBA4B98F23D6CBFA00122D39 /* Debug */,
				DBA4B99023D6CBFA00122D39 /* Release */,
			);
			defaultConfigurationIsVisible = 0;
			defaultConfigurationName = Release;
		};
		DBA4B99123D6CBFA00122D39 /* Build configuration list for PBXNativeTarget "SafariUITests" */ = {
			isa = XCConfigurationList;
			buildConfigurations = (
				DBA4B99223D6CBFA00122D39 /* Debug */,
				DBA4B99323D6CBFA00122D39 /* Release */,
			);
			defaultConfigurationIsVisible = 0;
			defaultConfigurationName = Release;
		};
/* End XCConfigurationList section */

/* Begin XCVersionGroup section */
		DBA4B96A23D6CBF600122D39 /* Safari.xcdatamodeld */ = {
			isa = XCVersionGroup;
			children = (
				DBA4B96B23D6CBF600122D39 /* Safari.xcdatamodel */,
			);
			currentVersion = DBA4B96B23D6CBF600122D39 /* Safari.xcdatamodel */;
			path = Safari.xcdatamodeld;
			sourceTree = "<group>";
			versionGroupType = wrapper.xcdatamodel;
		};
/* End XCVersionGroup section */
	};
	rootObject = DBA4B95623D6CBF600122D39 /* Project object */;
}
